
Microsoft Visual Studio Solution File, Format Version 11.00
# Visual Studio 2010
Project("{FAE04EC0-301F-11D3-BF4B-00C04F79EFBC}") = "UnityEngine.TestRunner", "UnityEngine.TestRunner.csproj", "{4b5a43b8-9798-8744-671e-f9df77ec9d1b}"
EndProject
Project("{FAE04EC0-301F-11D3-BF4B-00C04F79EFBC}") = "UnityEngine.UI", "UnityEngine.UI.csproj", "{66f379c1-d8ff-b5fd-eff1-d04e672baf93}"
EndProject
Project("{FAE04EC0-301F-11D3-BF4B-00C04F79EFBC}") = "Unity.VisualScripting.Flow", "Unity.VisualScripting.Flow.csproj", "{21d5e370-08b3-223e-eeb7-cca073f3a7d9}"
EndProject
Project("{FAE04EC0-301F-11D3-BF4B-00C04F79EFBC}") = "Unity.XR.ARFoundation", "Unity.XR.ARFoundation.csproj", "{f391a644-52ff-6d64-61bf-2d840213f280}"
EndProject
Project("{FAE04EC0-301F-11D3-BF4B-00C04F79EFBC}") = "Unity.XR.ARKit", "Unity.XR.ARKit.csproj", "{42e335eb-35a1-55bc-c369-dd1a16e39f2a}"
EndProject
Project("{FAE04EC0-301F-11D3-BF4B-00C04F79EFBC}") = "Unity.InputSystem", "Unity.InputSystem.csproj", "{c2f6f4dd-03c4-7a80-005f-b40a29b361dc}"
EndProject
Project("{FAE04EC0-301F-11D3-BF4B-00C04F79EFBC}") = "Unity.XR.ARSubsystems", "Unity.XR.ARSubsystems.csproj", "{905595a0-de2f-07b2-820c-374042758233}"
EndProject
Project("{FAE04EC0-301F-11D3-BF4B-00C04F79EFBC}") = "Unity.XR.ARCore", "Unity.XR.ARCore.csproj", "{24337a96-9727-6947-0322-04e89e8b4e21}"
EndProject
Project("{FAE04EC0-301F-11D3-BF4B-00C04F79EFBC}") = "Unity.VisualScripting.State", "Unity.VisualScripting.State.csproj", "{4c2513c5-f717-77f4-69d0-5dd9346321b2}"
EndProject
Project("{FAE04EC0-301F-11D3-BF4B-00C04F79EFBC}") = "Unity.VisualScripting.Core", "Unity.VisualScripting.Core.csproj", "{0cd9e943-2b00-2f1c-41c5-ab9dcdabcc13}"
EndProject
Project("{FAE04EC0-301F-11D3-BF4B-00C04F79EFBC}") = "UnityEngine.XR.MagicLeap", "UnityEngine.XR.MagicLeap.csproj", "{2f873483-a43e-2db4-18db-1f6a1fb2819e}"
EndProject
Project("{FAE04EC0-301F-11D3-BF4B-00C04F79EFBC}") = "Unity.XR.ARKit.FaceTracking", "Unity.XR.ARKit.FaceTracking.csproj", "{890c3158-6c7b-43b8-b33d-8fc4ac75390d}"
EndProject
Project("{FAE04EC0-301F-11D3-BF4B-00C04F79EFBC}") = "UnityEngine.XR.LegacyInputHelpers", "UnityEngine.XR.LegacyInputHelpers.csproj", "{413064d3-a3d2-9f85-f017-0d056e0b1a0a}"
EndProject
Project("{FAE04EC0-301F-11D3-BF4B-00C04F79EFBC}") = "Unity.TextMeshPro", "Unity.TextMeshPro.csproj", "{df8bda90-4508-cb16-e5d3-d2294766db7f}"
EndProject
Project("{FAE04EC0-301F-11D3-BF4B-00C04F79EFBC}") = "Unity.Timeline", "Unity.Timeline.csproj", "{6418ae07-2080-f773-be49-d4e51c324c44}"
EndProject
Project("{FAE04EC0-301F-11D3-BF4B-00C04F79EFBC}") = "Unity.XR.OpenXR", "Unity.XR.OpenXR.csproj", "{7726ce4f-37a3-ca7c-95b0-ed7af6e9db2b}"
EndProject
Project("{FAE04EC0-301F-11D3-BF4B-00C04F79EFBC}") = "Unity.XR.OpenXR.Features.MockDriver", "Unity.XR.OpenXR.Features.MockDriver.csproj", "{a59c6200-cc77-df6e-0445-920a6eeb4aa9}"
EndProject
Project("{FAE04EC0-301F-11D3-BF4B-00C04F79EFBC}") = "Unity.XR.Management", "Unity.XR.Management.csproj", "{2cd7368a-1bf4-517c-4807-83afb89fe063}"
EndProject
Project("{FAE04EC0-301F-11D3-BF4B-00C04F79EFBC}") = "Unity.XR.InteractionSubsystems", "Unity.XR.InteractionSubsystems.csproj", "{3a6bb53c-f535-6f1c-371b-d45c3912b0f6}"
EndProject
Project("{FAE04EC0-301F-11D3-BF4B-00C04F79EFBC}") = "Unity.XR.OpenXR.Features.RuntimeDebugger", "Unity.XR.OpenXR.Features.RuntimeDebugger.csproj", "{43d9fcc1-a9c2-60bb-5390-e37e18d3fae3}"
EndProject
Project("{FAE04EC0-301F-11D3-BF4B-00C04F79EFBC}") = "Unity.XR.OpenXR.Features.ConformanceAutomation", "Unity.XR.OpenXR.Features.ConformanceAutomation.csproj", "{f8d90434-360b-5db6-6a88-6555a1f917f4}"
EndProject
Project("{FAE04EC0-301F-11D3-BF4B-00C04F79EFBC}") = "Unity.XR.OpenXR.TestHelpers", "Unity.XR.OpenXR.TestHelpers.csproj", "{ca055cdb-d5ab-0e94-c2bf-c41e90deb562}"
EndProject
Project("{FAE04EC0-301F-11D3-BF4B-00C04F79EFBC}") = "UnityEngine.SpatialTracking", "UnityEngine.SpatialTracking.csproj", "{d686c6e8-9537-9e83-e1ef-7dc40a51e01f}"
EndProject
Project("{FAE04EC0-301F-11D3-BF4B-00C04F79EFBC}") = "Unity.XR.OpenXR.Features.MockRuntime", "Unity.XR.OpenXR.Features.MockRuntime.csproj", "{fe5fcacb-c87c-00dc-f15d-205151bf8389}"
EndProject
Project("{FAE04EC0-301F-11D3-BF4B-00C04F79EFBC}") = "Unity.Subsystem.Registration", "Unity.Subsystem.Registration.csproj", "{4003fe3e-6890-742f-34a6-2f820a9e22e3}"
EndProject
Project("{FAE04EC0-301F-11D3-BF4B-00C04F79EFBC}") = "Unity.XR.OpenXR.Features.OculusQuestSupport", "Unity.XR.OpenXR.Features.OculusQuestSupport.csproj", "{33759217-2f78-fee8-d68e-6070fee5a215}"
EndProject
Project("{FAE04EC0-301F-11D3-BF4B-00C04F79EFBC}") = "Assembly-CSharp", "Assembly-CSharp.csproj", "{ee1fcee1-be67-3365-73aa-cc578be80dcd}"
EndProject
Project("{FAE04EC0-301F-11D3-BF4B-00C04F79EFBC}") = "Unity.PlasticSCM.Editor", "Unity.PlasticSCM.Editor.csproj", "{e3de2825-0a9d-46b4-6bce-83177a14cee1}"
EndProject
Project("{FAE04EC0-301F-11D3-BF4B-00C04F79EFBC}") = "Unity.VisualScripting.Core.Editor", "Unity.VisualScripting.Core.Editor.csproj", "{35142eee-c524-7707-d5fb-f942f0130382}"
EndProject
Project("{FAE04EC0-301F-11D3-BF4B-00C04F79EFBC}") = "Unity.XR.OpenXR.Editor", "Unity.XR.OpenXR.Editor.csproj", "{a6434a32-54a6-1b40-eccb-9531860a842e}"
EndProject
Project("{FAE04EC0-301F-11D3-BF4B-00C04F79EFBC}") = "Unity.VisualScripting.Flow.Editor", "Unity.VisualScripting.Flow.Editor.csproj", "{7a6eff00-3ff3-9c88-2766-7f90bc2f6897}"
EndProject
Project("{FAE04EC0-301F-11D3-BF4B-00C04F79EFBC}") = "Unity.VisualStudio.Editor", "Unity.VisualStudio.Editor.csproj", "{bcbca0a4-d765-a0c2-5447-99a07e59b2c2}"
EndProject
Project("{FAE04EC0-301F-11D3-BF4B-00C04F79EFBC}") = "Unity.Timeline.Editor", "Unity.Timeline.Editor.csproj", "{29bf6023-5f12-f45b-a3d5-d77504e3b7ee}"
EndProject
Project("{FAE04EC0-301F-11D3-BF4B-00C04F79EFBC}") = "Unity.VisualScripting.State.Editor", "Unity.VisualScripting.State.Editor.csproj", "{1ad710ce-73a1-ab28-e9a8-9b77646dd5f3}"
EndProject
Project("{FAE04EC0-301F-11D3-BF4B-00C04F79EFBC}") = "Unity.TextMeshPro.Editor", "Unity.TextMeshPro.Editor.csproj", "{c0ebadea-bd16-1e82-8a3d-f9d13a1dcc0b}"
EndProject
Project("{FAE04EC0-301F-11D3-BF4B-00C04F79EFBC}") = "Unity.VisualScripting.SettingsProvider.Editor", "Unity.VisualScripting.SettingsProvider.Editor.csproj", "{65dc8136-e9cd-2b87-2924-956744315f9f}"
EndProject
Project("{FAE04EC0-301F-11D3-BF4B-00C04F79EFBC}") = "Unity.CollabProxy.Editor", "Unity.CollabProxy.Editor.csproj", "{75b7d119-9c9c-4c58-a493-59535127684b}"
EndProject
Project("{FAE04EC0-301F-11D3-BF4B-00C04F79EFBC}") = "UnityEditor.TestRunner", "UnityEditor.TestRunner.csproj", "{cc6c1d34-c283-27ba-288e-c2063e8a2c17}"
EndProject
Project("{FAE04EC0-301F-11D3-BF4B-00C04F79EFBC}") = "Unity.Rider.Editor", "Unity.Rider.Editor.csproj", "{157b1f5f-cd19-9788-1115-dc752b8111ef}"
EndProject
Project("{FAE04EC0-301F-11D3-BF4B-00C04F79EFBC}") = "UnityEditor.XR.MagicLeap", "UnityEditor.XR.MagicLeap.csproj", "{4589c8fc-a2e8-1b80-f4cf-7e298b5948f5}"
EndProject
Project("{FAE04EC0-301F-11D3-BF4B-00C04F79EFBC}") = "Unity.Services.Core.Editor", "Unity.Services.Core.Editor.csproj", "{b80bb40d-702e-2362-a4c6-6715f3b967cc}"
EndProject
Project("{FAE04EC0-301F-11D3-BF4B-00C04F79EFBC}") = "Unity.XR.ARKit.Editor", "Unity.XR.ARKit.Editor.csproj", "{48e8556f-2399-0eb1-1909-57bbd983aeff}"
EndProject
Project("{FAE04EC0-301F-11D3-BF4B-00C04F79EFBC}") = "Unity.XR.ARKit.FaceTracking.Editor", "Unity.XR.ARKit.FaceTracking.Editor.csproj", "{26cb11e9-f1fa-8f9f-2a79-cfecf456f0d2}"
EndProject
Project("{FAE04EC0-301F-11D3-BF4B-00C04F79EFBC}") = "Unity.XR.Management.Editor", "Unity.XR.Management.Editor.csproj", "{f0645163-057d-b6a0-6a5c-c49e86435f7a}"
EndProject
Project("{FAE04EC0-301F-11D3-BF4B-00C04F79EFBC}") = "Unity.VSCode.Editor", "Unity.VSCode.Editor.csproj", "{3bd01713-7f0e-8732-2cbb-4034ae5415bf}"
EndProject
Project("{FAE04EC0-301F-11D3-BF4B-00C04F79EFBC}") = "UnityEditor.UI", "UnityEditor.UI.csproj", "{f7579520-c516-d281-9676-cc793e0d72e5}"
EndProject
Project("{FAE04EC0-301F-11D3-BF4B-00C04F79EFBC}") = "Unity.EditorCoroutines.Editor", "Unity.EditorCoroutines.Editor.csproj", "{b6f749c6-7027-8620-ea6a-3e373cc31377}"
EndProject
Project("{FAE04EC0-301F-11D3-BF4B-00C04F79EFBC}") = "UnityEditor.SpatialTracking", "UnityEditor.SpatialTracking.csproj", "{4a0225d0-a72f-0145-d49a-e68056392113}"
EndProject
Project("{FAE04EC0-301F-11D3-BF4B-00C04F79EFBC}") = "Unity.XR.ARCore.Editor", "Unity.XR.ARCore.Editor.csproj", "{fc19ee72-35cb-7b1b-7774-42a4393235a8}"
EndProject
Project("{FAE04EC0-301F-11D3-BF4B-00C04F79EFBC}") = "Unity.XR.ARFoundation.Editor", "Unity.XR.ARFoundation.Editor.csproj", "{0c77942f-c6fd-efd5-1c87-f7df591673c4}"
EndProject
Project("{FAE04EC0-301F-11D3-BF4B-00C04F79EFBC}") = "UnityEditor.XR.LegacyInputHelpers", "UnityEditor.XR.LegacyInputHelpers.csproj", "{af24ab92-9af1-ed32-97b3-9e1381164b3f}"
EndProject
Project("{FAE04EC0-301F-11D3-BF4B-00C04F79EFBC}") = "Unity.XR.ARSubsystems.Editor", "Unity.XR.ARSubsystems.Editor.csproj", "{461720b7-8559-e823-c8f7-fb15cf57b1b6}"
EndProject
Project("{FAE04EC0-301F-11D3-BF4B-00C04F79EFBC}") = "Unity.XR.OpenXR.Features.RuntimeDebugger.Editor", "Unity.XR.OpenXR.Features.RuntimeDebugger.Editor.csproj", "{ffd90278-5d6c-cb90-4cae-0a5f7f6d4a49}"
EndProject
Project("{FAE04EC0-301F-11D3-BF4B-00C04F79EFBC}") = "Unity.VisualScripting.Welcome.Editor", "Unity.VisualScripting.Welcome.Editor.csproj", "{029f1d6a-74ba-00ba-026f-2e79e7049e84}"
EndProject
Project("{FAE04EC0-301F-11D3-BF4B-00C04F79EFBC}") = "Unity.InternalAPIEditorBridge.005", "Unity.InternalAPIEditorBridge.005.csproj", "{a0e36910-9d27-2206-e316-65f5efa03478}"
EndProject
Project("{FAE04EC0-301F-11D3-BF4B-00C04F79EFBC}") = "Unity.XR.OpenXR.Features.OculusQuestSupport.Editor", "Unity.XR.OpenXR.Features.OculusQuestSupport.Editor.csproj", "{8051e8a4-016c-0343-0964-6ec3e6cc52a1}"
EndProject
Global
	GlobalSection(SolutionConfigurationPlatforms) = preSolution
		Debug|Any CPU = Debug|Any CPU
	EndGlobalSection
	GlobalSection(ProjectConfigurationPlatforms) = postSolution
		{4b5a43b8-9798-8744-671e-f9df77ec9d1b}.Debug|Any CPU.ActiveCfg = Debug|Any CPU
		{4b5a43b8-9798-8744-671e-f9df77ec9d1b}.Debug|Any CPU.Build.0 = Debug|Any CPU
		{66f379c1-d8ff-b5fd-eff1-d04e672baf93}.Debug|Any CPU.ActiveCfg = Debug|Any CPU
		{66f379c1-d8ff-b5fd-eff1-d04e672baf93}.Debug|Any CPU.Build.0 = Debug|Any CPU
		{21d5e370-08b3-223e-eeb7-cca073f3a7d9}.Debug|Any CPU.ActiveCfg = Debug|Any CPU
		{21d5e370-08b3-223e-eeb7-cca073f3a7d9}.Debug|Any CPU.Build.0 = Debug|Any CPU
		{f391a644-52ff-6d64-61bf-2d840213f280}.Debug|Any CPU.ActiveCfg = Debug|Any CPU
		{f391a644-52ff-6d64-61bf-2d840213f280}.Debug|Any CPU.Build.0 = Debug|Any CPU
		{42e335eb-35a1-55bc-c369-dd1a16e39f2a}.Debug|Any CPU.ActiveCfg = Debug|Any CPU
		{42e335eb-35a1-55bc-c369-dd1a16e39f2a}.Debug|Any CPU.Build.0 = Debug|Any CPU
		{c2f6f4dd-03c4-7a80-005f-b40a29b361dc}.Debug|Any CPU.ActiveCfg = Debug|Any CPU
		{c2f6f4dd-03c4-7a80-005f-b40a29b361dc}.Debug|Any CPU.Build.0 = Debug|Any CPU
		{905595a0-de2f-07b2-820c-374042758233}.Debug|Any CPU.ActiveCfg = Debug|Any CPU
		{905595a0-de2f-07b2-820c-374042758233}.Debug|Any CPU.Build.0 = Debug|Any CPU
		{24337a96-9727-6947-0322-04e89e8b4e21}.Debug|Any CPU.ActiveCfg = Debug|Any CPU
		{24337a96-9727-6947-0322-04e89e8b4e21}.Debug|Any CPU.Build.0 = Debug|Any CPU
		{4c2513c5-f717-77f4-69d0-5dd9346321b2}.Debug|Any CPU.ActiveCfg = Debug|Any CPU
		{4c2513c5-f717-77f4-69d0-5dd9346321b2}.Debug|Any CPU.Build.0 = Debug|Any CPU
		{0cd9e943-2b00-2f1c-41c5-ab9dcdabcc13}.Debug|Any CPU.ActiveCfg = Debug|Any CPU
		{0cd9e943-2b00-2f1c-41c5-ab9dcdabcc13}.Debug|Any CPU.Build.0 = Debug|Any CPU
		{2f873483-a43e-2db4-18db-1f6a1fb2819e}.Debug|Any CPU.ActiveCfg = Debug|Any CPU
		{2f873483-a43e-2db4-18db-1f6a1fb2819e}.Debug|Any CPU.Build.0 = Debug|Any CPU
		{890c3158-6c7b-43b8-b33d-8fc4ac75390d}.Debug|Any CPU.ActiveCfg = Debug|Any CPU
		{890c3158-6c7b-43b8-b33d-8fc4ac75390d}.Debug|Any CPU.Build.0 = Debug|Any CPU
		{413064d3-a3d2-9f85-f017-0d056e0b1a0a}.Debug|Any CPU.ActiveCfg = Debug|Any CPU
		{413064d3-a3d2-9f85-f017-0d056e0b1a0a}.Debug|Any CPU.Build.0 = Debug|Any CPU
		{df8bda90-4508-cb16-e5d3-d2294766db7f}.Debug|Any CPU.ActiveCfg = Debug|Any CPU
		{df8bda90-4508-cb16-e5d3-d2294766db7f}.Debug|Any CPU.Build.0 = Debug|Any CPU
		{6418ae07-2080-f773-be49-d4e51c324c44}.Debug|Any CPU.ActiveCfg = Debug|Any CPU
		{6418ae07-2080-f773-be49-d4e51c324c44}.Debug|Any CPU.Build.0 = Debug|Any CPU
		{7726ce4f-37a3-ca7c-95b0-ed7af6e9db2b}.Debug|Any CPU.ActiveCfg = Debug|Any CPU
		{7726ce4f-37a3-ca7c-95b0-ed7af6e9db2b}.Debug|Any CPU.Build.0 = Debug|Any CPU
		{a59c6200-cc77-df6e-0445-920a6eeb4aa9}.Debug|Any CPU.ActiveCfg = Debug|Any CPU
		{a59c6200-cc77-df6e-0445-920a6eeb4aa9}.Debug|Any CPU.Build.0 = Debug|Any CPU
		{2cd7368a-1bf4-517c-4807-83afb89fe063}.Debug|Any CPU.ActiveCfg = Debug|Any CPU
		{2cd7368a-1bf4-517c-4807-83afb89fe063}.Debug|Any CPU.Build.0 = Debug|Any CPU
		{3a6bb53c-f535-6f1c-371b-d45c3912b0f6}.Debug|Any CPU.ActiveCfg = Debug|Any CPU
		{3a6bb53c-f535-6f1c-371b-d45c3912b0f6}.Debug|Any CPU.Build.0 = Debug|Any CPU
		{43d9fcc1-a9c2-60bb-5390-e37e18d3fae3}.Debug|Any CPU.ActiveCfg = Debug|Any CPU
		{43d9fcc1-a9c2-60bb-5390-e37e18d3fae3}.Debug|Any CPU.Build.0 = Debug|Any CPU
		{f8d90434-360b-5db6-6a88-6555a1f917f4}.Debug|Any CPU.ActiveCfg = Debug|Any CPU
		{f8d90434-360b-5db6-6a88-6555a1f917f4}.Debug|Any CPU.Build.0 = Debug|Any CPU
		{ca055cdb-d5ab-0e94-c2bf-c41e90deb562}.Debug|Any CPU.ActiveCfg = Debug|Any CPU
		{ca055cdb-d5ab-0e94-c2bf-c41e90deb562}.Debug|Any CPU.Build.0 = Debug|Any CPU
		{d686c6e8-9537-9e83-e1ef-7dc40a51e01f}.Debug|Any CPU.ActiveCfg = Debug|Any CPU
		{d686c6e8-9537-9e83-e1ef-7dc40a51e01f}.Debug|Any CPU.Build.0 = Debug|Any CPU
		{fe5fcacb-c87c-00dc-f15d-205151bf8389}.Debug|Any CPU.ActiveCfg = Debug|Any CPU
		{fe5fcacb-c87c-00dc-f15d-205151bf8389}.Debug|Any CPU.Build.0 = Debug|Any CPU
		{4003fe3e-6890-742f-34a6-2f820a9e22e3}.Debug|Any CPU.ActiveCfg = Debug|Any CPU
		{4003fe3e-6890-742f-34a6-2f820a9e22e3}.Debug|Any CPU.Build.0 = Debug|Any CPU
		{33759217-2f78-fee8-d68e-6070fee5a215}.Debug|Any CPU.ActiveCfg = Debug|Any CPU
		{33759217-2f78-fee8-d68e-6070fee5a215}.Debug|Any CPU.Build.0 = Debug|Any CPU
		{ee1fcee1-be67-3365-73aa-cc578be80dcd}.Debug|Any CPU.ActiveCfg = Debug|Any CPU
		{ee1fcee1-be67-3365-73aa-cc578be80dcd}.Debug|Any CPU.Build.0 = Debug|Any CPU
		{e3de2825-0a9d-46b4-6bce-83177a14cee1}.Debug|Any CPU.ActiveCfg = Debug|Any CPU
		{e3de2825-0a9d-46b4-6bce-83177a14cee1}.Debug|Any CPU.Build.0 = Debug|Any CPU
		{35142eee-c524-7707-d5fb-f942f0130382}.Debug|Any CPU.ActiveCfg = Debug|Any CPU
		{35142eee-c524-7707-d5fb-f942f0130382}.Debug|Any CPU.Build.0 = Debug|Any CPU
		{a6434a32-54a6-1b40-eccb-9531860a842e}.Debug|Any CPU.ActiveCfg = Debug|Any CPU
		{a6434a32-54a6-1b40-eccb-9531860a842e}.Debug|Any CPU.Build.0 = Debug|Any CPU
		{7a6eff00-3ff3-9c88-2766-7f90bc2f6897}.Debug|Any CPU.ActiveCfg = Debug|Any CPU
		{7a6eff00-3ff3-9c88-2766-7f90bc2f6897}.Debug|Any CPU.Build.0 = Debug|Any CPU
		{bcbca0a4-d765-a0c2-5447-99a07e59b2c2}.Debug|Any CPU.ActiveCfg = Debug|Any CPU
		{bcbca0a4-d765-a0c2-5447-99a07e59b2c2}.Debug|Any CPU.Build.0 = Debug|Any CPU
		{29bf6023-5f12-f45b-a3d5-d77504e3b7ee}.Debug|Any CPU.ActiveCfg = Debug|Any CPU
		{29bf6023-5f12-f45b-a3d5-d77504e3b7ee}.Debug|Any CPU.Build.0 = Debug|Any CPU
		{1ad710ce-73a1-ab28-e9a8-9b77646dd5f3}.Debug|Any CPU.ActiveCfg = Debug|Any CPU
		{1ad710ce-73a1-ab28-e9a8-9b77646dd5f3}.Debug|Any CPU.Build.0 = Debug|Any CPU
		{c0ebadea-bd16-1e82-8a3d-f9d13a1dcc0b}.Debug|Any CPU.ActiveCfg = Debug|Any CPU
		{c0ebadea-bd16-1e82-8a3d-f9d13a1dcc0b}.Debug|Any CPU.Build.0 = Debug|Any CPU
		{65dc8136-e9cd-2b87-2924-956744315f9f}.Debug|Any CPU.ActiveCfg = Debug|Any CPU
		{65dc8136-e9cd-2b87-2924-956744315f9f}.Debug|Any CPU.Build.0 = Debug|Any CPU
		{75b7d119-9c9c-4c58-a493-59535127684b}.Debug|Any CPU.ActiveCfg = Debug|Any CPU
		{75b7d119-9c9c-4c58-a493-59535127684b}.Debug|Any CPU.Build.0 = Debug|Any CPU
		{cc6c1d34-c283-27ba-288e-c2063e8a2c17}.Debug|Any CPU.ActiveCfg = Debug|Any CPU
		{cc6c1d34-c283-27ba-288e-c2063e8a2c17}.Debug|Any CPU.Build.0 = Debug|Any CPU
		{157b1f5f-cd19-9788-1115-dc752b8111ef}.Debug|Any CPU.ActiveCfg = Debug|Any CPU
		{157b1f5f-cd19-9788-1115-dc752b8111ef}.Debug|Any CPU.Build.0 = Debug|Any CPU
		{4589c8fc-a2e8-1b80-f4cf-7e298b5948f5}.Debug|Any CPU.ActiveCfg = Debug|Any CPU
		{4589c8fc-a2e8-1b80-f4cf-7e298b5948f5}.Debug|Any CPU.Build.0 = Debug|Any CPU
		{b80bb40d-702e-2362-a4c6-6715f3b967cc}.Debug|Any CPU.ActiveCfg = Debug|Any CPU
		{b80bb40d-702e-2362-a4c6-6715f3b967cc}.Debug|Any CPU.Build.0 = Debug|Any CPU
		{48e8556f-2399-0eb1-1909-57bbd983aeff}.Debug|Any CPU.ActiveCfg = Debug|Any CPU
		{48e8556f-2399-0eb1-1909-57bbd983aeff}.Debug|Any CPU.Build.0 = Debug|Any CPU
		{26cb11e9-f1fa-8f9f-2a79-cfecf456f0d2}.Debug|Any CPU.ActiveCfg = Debug|Any CPU
		{26cb11e9-f1fa-8f9f-2a79-cfecf456f0d2}.Debug|Any CPU.Build.0 = Debug|Any CPU
		{f0645163-057d-b6a0-6a5c-c49e86435f7a}.Debug|Any CPU.ActiveCfg = Debug|Any CPU
		{f0645163-057d-b6a0-6a5c-c49e86435f7a}.Debug|Any CPU.Build.0 = Debug|Any CPU
		{3bd01713-7f0e-8732-2cbb-4034ae5415bf}.Debug|Any CPU.ActiveCfg = Debug|Any CPU
		{3bd01713-7f0e-8732-2cbb-4034ae5415bf}.Debug|Any CPU.Build.0 = Debug|Any CPU
		{f7579520-c516-d281-9676-cc793e0d72e5}.Debug|Any CPU.ActiveCfg = Debug|Any CPU
		{f7579520-c516-d281-9676-cc793e0d72e5}.Debug|Any CPU.Build.0 = Debug|Any CPU
		{b6f749c6-7027-8620-ea6a-3e373cc31377}.Debug|Any CPU.ActiveCfg = Debug|Any CPU
		{b6f749c6-7027-8620-ea6a-3e373cc31377}.Debug|Any CPU.Build.0 = Debug|Any CPU
		{4a0225d0-a72f-0145-d49a-e68056392113}.Debug|Any CPU.ActiveCfg = Debug|Any CPU
		{4a0225d0-a72f-0145-d49a-e68056392113}.Debug|Any CPU.Build.0 = Debug|Any CPU
		{fc19ee72-35cb-7b1b-7774-42a4393235a8}.Debug|Any CPU.ActiveCfg = Debug|Any CPU
		{fc19ee72-35cb-7b1b-7774-42a4393235a8}.Debug|Any CPU.Build.0 = Debug|Any CPU
		{0c77942f-c6fd-efd5-1c87-f7df591673c4}.Debug|Any CPU.ActiveCfg = Debug|Any CPU
		{0c77942f-c6fd-efd5-1c87-f7df591673c4}.Debug|Any CPU.Build.0 = Debug|Any CPU
		{af24ab92-9af1-ed32-97b3-9e1381164b3f}.Debug|Any CPU.ActiveCfg = Debug|Any CPU
		{af24ab92-9af1-ed32-97b3-9e1381164b3f}.Debug|Any CPU.Build.0 = Debug|Any CPU
		{461720b7-8559-e823-c8f7-fb15cf57b1b6}.Debug|Any CPU.ActiveCfg = Debug|Any CPU
		{461720b7-8559-e823-c8f7-fb15cf57b1b6}.Debug|Any CPU.Build.0 = Debug|Any CPU
		{ffd90278-5d6c-cb90-4cae-0a5f7f6d4a49}.Debug|Any CPU.ActiveCfg = Debug|Any CPU
		{ffd90278-5d6c-cb90-4cae-0a5f7f6d4a49}.Debug|Any CPU.Build.0 = Debug|Any CPU
		{029f1d6a-74ba-00ba-026f-2e79e7049e84}.Debug|Any CPU.ActiveCfg = Debug|Any CPU
		{029f1d6a-74ba-00ba-026f-2e79e7049e84}.Debug|Any CPU.Build.0 = Debug|Any CPU
		{a0e36910-9d27-2206-e316-65f5efa03478}.Debug|Any CPU.ActiveCfg = Debug|Any CPU
		{a0e36910-9d27-2206-e316-65f5efa03478}.Debug|Any CPU.Build.0 = Debug|Any CPU
		{8051e8a4-016c-0343-0964-6ec3e6cc52a1}.Debug|Any CPU.ActiveCfg = Debug|Any CPU
		{8051e8a4-016c-0343-0964-6ec3e6cc52a1}.Debug|Any CPU.Build.0 = Debug|Any CPU
	EndGlobalSection
	GlobalSection(SolutionProperties) = preSolution
		HideSolutionNode = FALSE
	EndGlobalSection
EndGlobal
